
Microsoft Visual Studio Solution File, Format Version 12.00
# Visual Studio Version 17
VisualStudioVersion = 17.6.33815.320
MinimumVisualStudioVersion = 10.0.40219.1
Project("{FAE04EC0-301F-11D3-BF4B-00C04F79EFBC}") = "TestovoeZadanie", "TestovoeZadanie\TestovoeZadanie.csproj", "{44FE2AD0-22D3-4EC8-99C9-E0FA430AE38D}"
EndProject
Global
	GlobalSection(SolutionConfigurationPlatforms) = preSolution
		Debug|Any CPU = Debug|Any CPU
		Release|Any CPU = Release|Any CPU
	EndGlobalSection
	GlobalSection(ProjectConfigurationPlatforms) = postSolution
		{44FE2AD0-22D3-4EC8-99C9-E0FA430AE38D}.Debug|Any CPU.ActiveCfg = Debug|Any CPU
		{44FE2AD0-22D3-4EC8-99C9-E0FA430AE38D}.Debug|Any CPU.Build.0 = Debug|Any CPU
		{44FE2AD0-22D3-4EC8-99C9-E0FA430AE38D}.Release|Any CPU.ActiveCfg = Release|Any CPU
		{44FE2AD0-22D3-4EC8-99C9-E0FA430AE38D}.Release|Any CPU.Build.0 = Release|Any CPU
	EndGlobalSection
	GlobalSection(SolutionProperties) = preSolution
		HideSolutionNode = FALSE
	EndGlobalSection
	GlobalSection(ExtensibilityGlobals) = postSolution
		SolutionGuid = {C55C1788-91F2-486B-8B40-E94E080C3B15}
	EndGlobalSection
EndGlobal
